aiocache==0.12.3
aiofiles==25.1.0
aiohappyeyeballs==2.6.1
aiohttp==3.13.5
aiosignal==1.4.0
annotated-doc==0.0.4
annotated-types==0.7.0
anyio==4.13.0
APScheduler==3.11.2
asttokens==3.0.1
attrs==26.1.0
babel==2.18.0
ballpark @ git+https://github.com/Mee6/python-ballpark.git@5ab86393ba8cb2f306187f393aca8ec5b3bbbbae
camel-converter==5.1.0
certifi==2026.4.22
charset-normalizer==3.4.7
chat_exporter==3.0.1
choreographer==1.3.0
clashy.py==26.4.2
click==8.3.3
coc.py==4.0.0
contourpy==1.3.3
cramjam==2.11.0
cycler==0.12.1
decorator==5.2.1
disnake==2.8.1
disnake-ext-fluent @ git+https://github.com/MagicTheDev/disnake-ext-fluent.git@767680505be1cda497098acadb2ad1b5262ab799
distro==1.9.0
dnspython==2.8.0
emoji==2.15.0
et_xmlfile==2.0.0
executing==2.2.1
expiring-dict==1.1.2
fastapi==0.136.1
fluent.runtime==0.4.0
fluent.syntax==0.19.0
fonttools==4.62.1
frozenlist==1.8.0
grapheme==0.6.0
h11==0.16.0
h2==4.3.0
hashids==1.3.1
hpack==4.1.0
httpcore==1.0.9
httpx==0.28.1
hyperframe==6.1.0
idna==3.13
ImageHash==4.3.2
iniconfig==2.3.0
ipython==9.13.0
ipython_pygments_lexers==1.1.1
jedi==0.19.2
jiter==0.14.0
kaleido==1.2.0
kiwisolver==1.5.0
logistro==2.0.1
loguru==0.7.3
matplotlib==3.10.9
matplotlib-inline==0.2.1
meilisearch-python-sdk==7.1.3
motor==3.7.1
msgspec==0.21.1
multidict==6.7.1
narwhals==2.20.0
numerize==0.12
numpy==2.4.4
openai==2.33.0
openpyxl==3.1.5
orjson==3.11.8
packaging==26.2
pandas==3.0.2
parso==0.8.6
pendulum==3.2.0
pexpect==4.9.0
pillow==12.2.0
platformdirs==4.9.6
plotly==6.7.0
pluggy==1.6.0
prompt_toolkit==3.0.52
propcache==0.4.1
psutil==7.2.2
ptyprocess==0.7.0
pure_eval==0.2.3
pydantic==2.13.3
pydantic_core==2.46.3
Pygments==2.20.0
PyJWT==2.12.1
pymitter==1.1.3
pymongo==4.17.0
pyparsing==3.3.2
pytest==9.0.3
pytest-timeout==2.4.0
python-dateutil==2.9.0.post0
python-dotenv==1.2.2
python-snappy==0.7.3
pytz==2026.1.post1
PyWavelets==1.9.0
redis==7.4.0
requests==2.33.1
scipy==1.17.1
sentry-sdk==2.58.0
setuptools==82.0.1
simplejson==4.1.1
six==1.17.0
sniffio==1.3.1
sortedcontainers==2.4.0
stack-data==0.6.3
starlette==1.0.0
stringcase==1.2.0
tqdm==4.67.3
traitlets==5.14.3
typing-inspection==0.4.2
typing_extensions==4.14.1
tzdata==2026.2
tzlocal==5.3.1
ujson==5.12.0
urllib3==2.6.3
uvicorn==0.46.0
Wand==0.7.0
wcwidth==0.6.0
websockets==16.0
wheel==0.47.0
xlsxwriter==3.2.9
yarl==1.23.0
